
Microsoft Visual Studio Solution File, Format Version 12.00
# Visual Studio Version 17
VisualStudioVersion = 17.13.35913.81
MinimumVisualStudioVersion = 10.0.40219.1
Project("{FAE04EC0-301F-11D3-BF4B-00C04F79EFBC}") = "ProjectCV.WEBUI", "ProjectCV.WEBUI.csproj", "{2285A380-C888-49CE-A9BC-AB986D6DF9DE}"
EndProject
Project("{FAE04EC0-301F-11D3-BF4B-00C04F79EFBC}") = "ProjectCV.ENTITY", "..\ProjectCV.ENTITY\ProjectCV.ENTITY.csproj", "{E36869CC-FA58-4B85-84E7-D514BEAE298D}"
EndProject
Project("{FAE04EC0-301F-11D3-BF4B-00C04F79EFBC}") = "ProjectCV.DAL", "..\ProjectCV.DAL\ProjectCV.DAL.csproj", "{2729C4F6-C09B-4D15-8A4B-24836ABC1313}"
EndProject
Project("{FAE04EC0-301F-11D3-BF4B-00C04F79EFBC}") = "ProjectCV.BLL", "..\ProjectCV.BLL\ProjectCV.BLL\ProjectCV.BLL.csproj", "{907F970D-85B9-4231-B2B5-ADB15B14F374}"
EndProject
Global
	GlobalSection(SolutionConfigurationPlatforms) = preSolution
		Debug|Any CPU = Debug|Any CPU
		Release|Any CPU = Release|Any CPU
	EndGlobalSection
	GlobalSection(ProjectConfigurationPlatforms) = postSolution
		{2285A380-C888-49CE-A9BC-AB986D6DF9DE}.Debug|Any CPU.ActiveCfg = Debug|Any CPU
		{2285A380-C888-49CE-A9BC-AB986D6DF9DE}.Debug|Any CPU.Build.0 = Debug|Any CPU
		{2285A380-C888-49CE-A9BC-AB986D6DF9DE}.Release|Any CPU.ActiveCfg = Release|Any CPU
		{2285A380-C888-49CE-A9BC-AB986D6DF9DE}.Release|Any CPU.Build.0 = Release|Any CPU
		{E36869CC-FA58-4B85-84E7-D514BEAE298D}.Debug|Any CPU.ActiveCfg = Debug|Any CPU
		{E36869CC-FA58-4B85-84E7-D514BEAE298D}.Debug|Any CPU.Build.0 = Debug|Any CPU
		{E36869CC-FA58-4B85-84E7-D514BEAE298D}.Release|Any CPU.ActiveCfg = Release|Any CPU
		{E36869CC-FA58-4B85-84E7-D514BEAE298D}.Release|Any CPU.Build.0 = Release|Any CPU
		{2729C4F6-C09B-4D15-8A4B-24836ABC1313}.Debug|Any CPU.ActiveCfg = Debug|Any CPU
		{2729C4F6-C09B-4D15-8A4B-24836ABC1313}.Debug|Any CPU.Build.0 = Debug|Any CPU
		{2729C4F6-C09B-4D15-8A4B-24836ABC1313}.Release|Any CPU.ActiveCfg = Release|Any CPU
		{2729C4F6-C09B-4D15-8A4B-24836ABC1313}.Release|Any CPU.Build.0 = Release|Any CPU
		{907F970D-85B9-4231-B2B5-ADB15B14F374}.Debug|Any CPU.ActiveCfg = Debug|Any CPU
		{907F970D-85B9-4231-B2B5-ADB15B14F374}.Debug|Any CPU.Build.0 = Debug|Any CPU
		{907F970D-85B9-4231-B2B5-ADB15B14F374}.Release|Any CPU.ActiveCfg = Release|Any CPU
		{907F970D-85B9-4231-B2B5-ADB15B14F374}.Release|Any CPU.Build.0 = Release|Any CPU
	EndGlobalSection
	GlobalSection(SolutionProperties) = preSolution
		HideSolutionNode = FALSE
	EndGlobalSection
	GlobalSection(ExtensibilityGlobals) = postSolution
		SolutionGuid = {0D636768-12F9-4759-8E1A-1A0630F64959}
	EndGlobalSection
EndGlobal
